
Microsoft Visual Studio Solution File, Format Version 12.00
# Visual Studio Version 16
VisualStudioVersion = 16.0.31702.278
MinimumVisualStudioVersion = 10.0.40219.1
Project("{9A19103F-16F7-4668-BE54-9A1E7A4F7556}") = "ApiGate", "ApiGate\ApiGate.csproj", "{D1F85DB6-CB67-4B33-998C-953517215475}"
EndProject
Project("{FAE04EC0-301F-11D3-BF4B-00C04F79EFBC}") = "Tests", "Tests\Tests.csproj", "{BD51B0D2-7AB1-4CBE-95CC-651E199366C6}"
EndProject
Global
	GlobalSection(SolutionConfigurationPlatforms) = preSolution
		Debug|Any CPU = Debug|Any CPU
		Release|Any CPU = Release|Any CPU
	EndGlobalSection
	GlobalSection(ProjectConfigurationPlatforms) = postSolution
		{D1F85DB6-CB67-4B33-998C-953517215475}.Debug|Any CPU.ActiveCfg = Debug|Any CPU
		{D1F85DB6-CB67-4B33-998C-953517215475}.Debug|Any CPU.Build.0 = Debug|Any CPU
		{D1F85DB6-CB67-4B33-998C-953517215475}.Release|Any CPU.ActiveCfg = Release|Any CPU
		{D1F85DB6-CB67-4B33-998C-953517215475}.Release|Any CPU.Build.0 = Release|Any CPU
		{BD51B0D2-7AB1-4CBE-95CC-651E199366C6}.Debug|Any CPU.ActiveCfg = Debug|Any CPU
		{BD51B0D2-7AB1-4CBE-95CC-651E199366C6}.Debug|Any CPU.Build.0 = Debug|Any CPU
		{BD51B0D2-7AB1-4CBE-95CC-651E199366C6}.Release|Any CPU.ActiveCfg = Release|Any CPU
		{BD51B0D2-7AB1-4CBE-95CC-651E199366C6}.Release|Any CPU.Build.0 = Release|Any CPU
	EndGlobalSection
	GlobalSection(SolutionProperties) = preSolution
		HideSolutionNode = FALSE
	EndGlobalSection
	GlobalSection(ExtensibilityGlobals) = postSolution
		SolutionGuid = {D0DDA841-8710-4764-B44E-CF02EAA95ABE}
	EndGlobalSection
EndGlobal
